
Microsoft Visual Studio Solution File, Format Version 12.00
# Visual Studio Version 17
VisualStudioVersion = 17.4.33213.308
MinimumVisualStudioVersion = 10.0.40219.1
Project("{FAE04EC0-301F-11D3-BF4B-00C04F79EFBC}") = "web-api", "web-api\web-api.csproj", "{8CF00146-932C-4E4C-BC51-2AAA905123B1}"
EndProject
Project("{FAE04EC0-301F-11D3-BF4B-00C04F79EFBC}") = "Repositories", "Repositories\Repositories.csproj", "{AAF21267-5E0E-45BB-A294-2462B15B74B7}"
EndProject
Project("{FAE04EC0-301F-11D3-BF4B-00C04F79EFBC}") = "Models", "Models\Models.csproj", "{2239959F-64C7-4D31-9867-81BE1F1F8F52}"
EndProject
Project("{FAE04EC0-301F-11D3-BF4B-00C04F79EFBC}") = "Logger", "Logger\Logger.csproj", "{57D7BA14-8F68-4FC6-9560-0F59C69478F2}"
EndProject
Global
	GlobalSection(SolutionConfigurationPlatforms) = preSolution
		Debug|Any CPU = Debug|Any CPU
		Release|Any CPU = Release|Any CPU
	EndGlobalSection
	GlobalSection(ProjectConfigurationPlatforms) = postSolution
		{8CF00146-932C-4E4C-BC51-2AAA905123B1}.Debug|Any CPU.ActiveCfg = Debug|Any CPU
		{8CF00146-932C-4E4C-BC51-2AAA905123B1}.Debug|Any CPU.Build.0 = Debug|Any CPU
		{8CF00146-932C-4E4C-BC51-2AAA905123B1}.Release|Any CPU.ActiveCfg = Release|Any CPU
		{8CF00146-932C-4E4C-BC51-2AAA905123B1}.Release|Any CPU.Build.0 = Release|Any CPU
		{AAF21267-5E0E-45BB-A294-2462B15B74B7}.Debug|Any CPU.ActiveCfg = Debug|Any CPU
		{AAF21267-5E0E-45BB-A294-2462B15B74B7}.Debug|Any CPU.Build.0 = Debug|Any CPU
		{AAF21267-5E0E-45BB-A294-2462B15B74B7}.Release|Any CPU.ActiveCfg = Release|Any CPU
		{AAF21267-5E0E-45BB-A294-2462B15B74B7}.Release|Any CPU.Build.0 = Release|Any CPU
		{2239959F-64C7-4D31-9867-81BE1F1F8F52}.Debug|Any CPU.ActiveCfg = Debug|Any CPU
		{2239959F-64C7-4D31-9867-81BE1F1F8F52}.Debug|Any CPU.Build.0 = Debug|Any CPU
		{2239959F-64C7-4D31-9867-81BE1F1F8F52}.Release|Any CPU.ActiveCfg = Release|Any CPU
		{2239959F-64C7-4D31-9867-81BE1F1F8F52}.Release|Any CPU.Build.0 = Release|Any CPU
		{57D7BA14-8F68-4FC6-9560-0F59C69478F2}.Debug|Any CPU.ActiveCfg = Debug|Any CPU
		{57D7BA14-8F68-4FC6-9560-0F59C69478F2}.Debug|Any CPU.Build.0 = Debug|Any CPU
		{57D7BA14-8F68-4FC6-9560-0F59C69478F2}.Release|Any CPU.ActiveCfg = Release|Any CPU
		{57D7BA14-8F68-4FC6-9560-0F59C69478F2}.Release|Any CPU.Build.0 = Release|Any CPU
	EndGlobalSection
	GlobalSection(SolutionProperties) = preSolution
		HideSolutionNode = FALSE
	EndGlobalSection
	GlobalSection(ExtensibilityGlobals) = postSolution
		SolutionGuid = {491FA678-3E5A-43A9-B6BE-3F92AF425C15}
	EndGlobalSection
EndGlobal
